
Microsoft Visual Studio Solution File, Format Version 12.00
# Visual Studio Version 16
VisualStudioVersion = 16.0.31229.75
MinimumVisualStudioVersion = 10.0.40219.1
Project("{FAE04EC0-301F-11D3-BF4B-00C04F79EFBC}") = "Test2", "Test2\Test2.csproj", "{EE6A4142-5B5C-4583-A51A-13CB25AA69F1}"
EndProject
Global
	GlobalSection(SolutionConfigurationPlatforms) = preSolution
		Debug|Any CPU = Debug|Any CPU
		Release|Any CPU = Release|Any CPU
	EndGlobalSection
	GlobalSection(ProjectConfigurationPlatforms) = postSolution
		{EE6A4142-5B5C-4583-A51A-13CB25AA69F1}.Debug|Any CPU.ActiveCfg = Debug|Any CPU
		{EE6A4142-5B5C-4583-A51A-13CB25AA69F1}.Debug|Any CPU.Build.0 = Debug|Any CPU
		{EE6A4142-5B5C-4583-A51A-13CB25AA69F1}.Release|Any CPU.ActiveCfg = Release|Any CPU
		{EE6A4142-5B5C-4583-A51A-13CB25AA69F1}.Release|Any CPU.Build.0 = Release|Any CPU
	EndGlobalSection
	GlobalSection(SolutionProperties) = preSolution
		HideSolutionNode = FALSE
	EndGlobalSection
	GlobalSection(ExtensibilityGlobals) = postSolution
		SolutionGuid = {16BFEB40-998E-4E59-843A-5E6DEE23DCBC}
	EndGlobalSection
EndGlobal
